
Microsoft Visual Studio Solution File, Format Version 12.00
# Visual Studio Version 17
VisualStudioVersion = 17.11.35222.181
MinimumVisualStudioVersion = 10.0.40219.1
Project("{F184B08F-C81C-45F6-A57F-5ABD9991F28F}") = "ExcelCompareTool", "ExcelCompareTool.vbproj", "{0C4F8221-40CC-4D08-8A53-1F8E51AC6A17}"
EndProject
Global
	GlobalSection(SolutionConfigurationPlatforms) = preSolution
		Debug|Any CPU = Debug|Any CPU
		Release|Any CPU = Release|Any CPU
	EndGlobalSection
	GlobalSection(ProjectConfigurationPlatforms) = postSolution
		{0C4F8221-40CC-4D08-8A53-1F8E51AC6A17}.Debug|Any CPU.ActiveCfg = Debug|Any CPU
		{0C4F8221-40CC-4D08-8A53-1F8E51AC6A17}.Debug|Any CPU.Build.0 = Debug|Any CPU
		{0C4F8221-40CC-4D08-8A53-1F8E51AC6A17}.Release|Any CPU.ActiveCfg = Release|Any CPU
		{0C4F8221-40CC-4D08-8A53-1F8E51AC6A17}.Release|Any CPU.Build.0 = Release|Any CPU
	EndGlobalSection
	GlobalSection(SolutionProperties) = preSolution
		HideSolutionNode = FALSE
	EndGlobalSection
	GlobalSection(ExtensibilityGlobals) = postSolution
		SolutionGuid = {82B1E40D-545F-466F-BF06-25F955CC769C}
	EndGlobalSection
EndGlobal
